version = 1
requires-python = "==3.12.*"

[[package]]
name = "bitwarden-sdk"
version = "1.0.0"
source = { registry = "https://pypi.org/simple" }
dependencies = [
    { name = "dateutils" },
]
sdist = { url = "https://files.pythonhosted.org/packages/dd/03/11934ae9d668283895286872a7af3de25d324ec9ac86da5a56ac9dc48544/bitwarden_sdk-1.0.0.tar.gz", hash = "sha256:846bc84ebc29ba326211e6552e628cd7d000a986ef35552ffda9d10bde913e21", size = 374462 }
wheels = [
    { url = "https://files.pythonhosted.org/packages/b7/3f/34432667d89b9e3368f0e929f77417e21a4351ab52717f64fbf28e2cd68b/bitwarden_sdk-1.0.0-cp312-cp312-macosx_10_12_x86_64.whl", hash = "sha256:cc493f18fee92860b069cd18365ba668d28b52a555157d1a18b5ab0480dadf59", size = 2423031 },
    { url = "https://files.pythonhosted.org/packages/9d/aa/73415b9995722eeb0861fcf49166572d8159c06d6df56f9944774519ce69/bitwarden_sdk-1.0.0-cp312-cp312-macosx_11_0_arm64.whl", hash = "sha256:9f7f9bfc8923dcb0ca88fb6eefae43cd928805f536f746be1db4a8dfc9b5f44d", size = 2260092 },
    { url = "https://files.pythonhosted.org/packages/bb/47/f849a9402b931f56f5476f603b21cda92e90323fb73ad2546014e3b8eb52/bitwarden_sdk-1.0.0-cp312-cp312-manylinux_2_28_aarch64.whl", hash = "sha256:9a6aada6f421f5fc26f4e9bbc7f3e538439cb388794021214e49ce7578a8d345", size = 2537437 },
    { url = "https://files.pythonhosted.org/packages/dc/3a/42f4ae601947e39a48cb3e23e672fe467bb9ed22ebe869778860cece8c4a/bitwarden_sdk-1.0.0-cp312-cp312-manylinux_2_28_x86_64.whl", hash = "sha256:2fae1101b527ffdceed2f817d16d20076a5949df9fc64184053f09ff79f035f3", size = 2616881 },
    { url = "https://files.pythonhosted.org/packages/28/b3/43fda8bac7e21e431088270ad2e5d0deaa4847315f1687c9b8eacb56300f/bitwarden_sdk-1.0.0-cp312-none-win_amd64.whl", hash = "sha256:7198c80a1cb87d28f2f134db3296b3e34255c8ba4b9863a5c9a2dca3c2ce6803", size = 2235663 },
]

[[package]]
name = "bw"
version = "0.1.0"
source = { editable = "." }
dependencies = [
    { name = "bitwarden-sdk" },
    { name = "python-dotenv" },
]

[package.metadata]
requires-dist = [
    { name = "bitwarden-sdk" },
    { name = "python-dotenv", specifier = ">=1.0.1" },
]

[[package]]
name = "dateutils"
version = "0.6.12"
source = { registry = "https://pypi.org/simple" }
dependencies = [
    { name = "python-dateutil" },
    { name = "pytz" },
]
sdist = { url = "https://files.pythonhosted.org/packages/70/2e/a2d1337ac0ebb32b3b4ad921d9621f8b2f6bb20de0da47ec5d3734f08ce2/dateutils-0.6.12.tar.gz", hash = "sha256:03dd90bcb21541bd4eb4b013637e4f1b5f944881c46cc6e4b67a6059e370e3f1", size = 4954 }
wheels = [
    { url = "https://files.pythonhosted.org/packages/1e/23/cbac954194e5132448cfec0148be1318baac99e68ed597b3d7ff4ae5c182/dateutils-0.6.12-py2.py3-none-any.whl", hash = "sha256:f33b6ab430fa4166e7e9cb8b21ee9f6c9843c48df1a964466f52c79b2a8d53b3", size = 5718 },
]

[[package]]
name = "python-dateutil"
version = "2.9.0.post0"
source = { registry = "https://pypi.org/simple" }
dependencies = [
    { name = "six" },
]
sdist = { url = "https://files.pythonhosted.org/packages/66/c0/0c8b6ad9f17a802ee498c46e004a0eb49bc148f2fd230864601a86dcf6db/python-dateutil-2.9.0.post0.tar.gz", hash = "sha256:37dd54208da7e1cd875388217d5e00ebd4179249f90fb72437e91a35459a0ad3", size = 342432 }
wheels = [
    { url = "https://files.pythonhosted.org/packages/ec/57/56b9bcc3c9c6a792fcbaf139543cee77261f3651ca9da0c93f5c1221264b/python_dateutil-2.9.0.post0-py2.py3-none-any.whl", hash = "sha256:a8b2bc7bffae282281c8140a97d3aa9c14da0b136dfe83f850eea9a5f7470427", size = 229892 },
]

[[package]]
name = "python-dotenv"
version = "1.0.1"
source = { registry = "https://pypi.org/simple" }
sdist = { url = "https://files.pythonhosted.org/packages/bc/57/e84d88dfe0aec03b7a2d4327012c1627ab5f03652216c63d49846d7a6c58/python-dotenv-1.0.1.tar.gz", hash = "sha256:e324ee90a023d808f1959c46bcbc04446a10ced277783dc6ee09987c37ec10ca", size = 39115 }
wheels = [
    { url = "https://files.pythonhosted.org/packages/6a/3e/b68c118422ec867fa7ab88444e1274aa40681c606d59ac27de5a5588f082/python_dotenv-1.0.1-py3-none-any.whl", hash = "sha256:f7b63ef50f1b690dddf550d03497b66d609393b40b564ed0d674909a68ebf16a", size = 19863 },
]

[[package]]
name = "pytz"
version = "2024.2"
source = { registry = "https://pypi.org/simple" }
sdist = { url = "https://files.pythonhosted.org/packages/3a/31/3c70bf7603cc2dca0f19bdc53b4537a797747a58875b552c8c413d963a3f/pytz-2024.2.tar.gz", hash = "sha256:2aa355083c50a0f93fa581709deac0c9ad65cca8a9e9beac660adcbd493c798a", size = 319692 }
wheels = [
    { url = "https://files.pythonhosted.org/packages/11/c3/005fcca25ce078d2cc29fd559379817424e94885510568bc1bc53d7d5846/pytz-2024.2-py2.py3-none-any.whl", hash = "sha256:31c7c1817eb7fae7ca4b8c7ee50c72f93aa2dd863de768e1ef4245d426aa0725", size = 508002 },
]

[[package]]
name = "six"
version = "1.17.0"
source = { registry = "https://pypi.org/simple" }
sdist = { url = "https://files.pythonhosted.org/packages/94/e7/b2c673351809dca68a0e064b6af791aa332cf192da575fd474ed7d6f16a2/six-1.17.0.tar.gz", hash = "sha256:ff70335d468e7eb6ec65b95b99d3a2836546063f63acc5171de367e834932a81", size = 34031 }
wheels = [
    { url = "https://files.pythonhosted.org/packages/b7/ce/149a00dd41f10bc29e5921b496af8b574d8413afcd5e30dfa0ed46c2cc5e/six-1.17.0-py2.py3-none-any.whl", hash = "sha256:4721f391ed90541fddacab5acf947aa0d3dc7d27b2e1e8eda2be8970586c3274", size = 11050 },
]
